
Microsoft Visual Studio Solution File, Format Version 12.00
Project("{FAE04EC0-301F-11D3-BF4B-00C04F79EFBC}") = "AspireAppWithMicroFrontends.AppHost", "Host\AspireAppWithMicroFrontends.AppHost\AspireAppWithMicroFrontends.AppHost.csproj", "{7A02A1AA-A943-4919-AE82-D09B916F657A}"
EndProject
Project("{FAE04EC0-301F-11D3-BF4B-00C04F79EFBC}") = "AspireAppWithMicroFrontends.ServiceDefaults", "Host\AspireAppWithMicroFrontends.ServiceDefaults\AspireAppWithMicroFrontends.ServiceDefaults.csproj", "{6ABE02BC-C1C3-4332-B116-D229CA83500E}"
EndProject
Project("{FAE04EC0-301F-11D3-BF4B-00C04F79EFBC}") = "AspireAppWithMicroFrontends.Web", "Host\AspireAppWithMicroFrontends.Web\AspireAppWithMicroFrontends.Web.csproj", "{C10EF983-BF6B-4244-A2D6-55F3326981A0}"
EndProject

Project("{2150E333-8FDC-42A3-9474-1A3956D46DE8}") = "Host", "Host", "{F18A45B2-12A0-4874-BBDB-A75530837490}"
EndProject
Project("{2150E333-8FDC-42A3-9474-1A3956D46DE8}") = "ShellModules", "ShellModules", "{778BB531-ED39-4242-BCAD-4B021B0B3C91}"
EndProject
Project("{2150E333-8FDC-42A3-9474-1A3956D46DE8}") = "Blue", "Blue", "{C1D0868F-8B93-4604-8267-76435411D4F9}"
EndProject
Project("{2150E333-8FDC-42A3-9474-1A3956D46DE8}") = "Yellow", "Yellow", "{80143954-BA5F-4C30-9BA2-4AB084443CEA}"
EndProject
Project("{2150E333-8FDC-42A3-9474-1A3956D46DE8}") = "Green", "Green", "{4A0675D7-D289-4E85-AD9F-D49C519B2A05}"
EndProject
Project("{2150E333-8FDC-42A3-9474-1A3956D46DE8}") = "Red", "Red", "{B72BEED3-B51D-4DE2-AC40-66AB96FDA03B}"
EndProject

Project("{FAE04EC0-301F-11D3-BF4B-00C04F79EFBC}") = "BlueModule.Web", "Modules\Blue\BlueModule.Web\BlueModule.Web.csproj", "{DB91239B-4E5B-4EE9-A999-AB7612434513}"
EndProject
Project("{FAE04EC0-301F-11D3-BF4B-00C04F79EFBC}") = "BlueModule.Domain", "Modules\Blue\BlueModule.Domain\BlueModule.Domain.csproj", "{025EDD3F-D009-4B37-BF53-96DD78FCE283}"
EndProject
Project("{FAE04EC0-301F-11D3-BF4B-00C04F79EFBC}") = "BlueModule.ApiService", "Modules\Blue\BlueModule.ApiService\BlueModule.ApiService.csproj", "{7054490F-02E8-4FC9-B8F3-A07126B1D384}"
EndProject
Project("{FAE04EC0-301F-11D3-BF4B-00C04F79EFBC}") = "BlueModule.ApiClient", "Modules\Blue\BlueModule.ApiClient\BlueModule.ApiClient.csproj", "{2B8827BE-8090-47FE-AD2D-B8774840ECB7}"
EndProject

Project("{FAE04EC0-301F-11D3-BF4B-00C04F79EFBC}") = "GreenModule.Web", "Modules\Green\GreenModule.Web\GreenModule.Web.csproj", "{32DC6E09-3A4B-4E74-853E-A6509E79819A}"
EndProject
Project("{FAE04EC0-301F-11D3-BF4B-00C04F79EFBC}") = "GreenModule.Domain", "Modules\Green\GreenModule.Domain\GreenModule.Domain.csproj", "{01C7822F-D068-4C5A-88D1-B5AAD8B10AAD}"
EndProject
Project("{FAE04EC0-301F-11D3-BF4B-00C04F79EFBC}") = "GreenModule.ApiService", "Modules\Green\GreenModule.ApiService\GreenModule.ApiService.csproj", "{E8137BE9-2683-4B8F-A46B-49B31F2F573A}"
EndProject
Project("{FAE04EC0-301F-11D3-BF4B-00C04F79EFBC}") = "GreenModule.ApiClient", "Modules\Green\GreenModule.ApiClient\GreenModule.ApiClient.csproj", "{7C2C2FAD-DF82-47C6-A5E1-6D4188B2C104}"
EndProject

Project("{FAE04EC0-301F-11D3-BF4B-00C04F79EFBC}") = "RedModule.Web", "Modules\Red\RedModule.Web\RedModule.Web.csproj", "{4548CB12-7A1B-4C3A-B2AC-7F09F5C2588D}"
EndProject
Project("{FAE04EC0-301F-11D3-BF4B-00C04F79EFBC}") = "RedModule.Domain", "Modules\Red\RedModule.Domain\RedModule.Domain.csproj", "{0B499C64-8994-4610-BF82-363E71237898}"
EndProject
Project("{FAE04EC0-301F-11D3-BF4B-00C04F79EFBC}") = "RedModule.ApiService", "Modules\Red\RedModule.ApiService\RedModule.ApiService.csproj", "{ACE5D7AE-677D-495C-9D4D-36BB8AB71E91}"
EndProject
Project("{FAE04EC0-301F-11D3-BF4B-00C04F79EFBC}") = "RedModule.ApiClient", "Modules\Red\RedModule.ApiClient\RedModule.ApiClient.csproj", "{69BC4013-F32D-4FE7-A986-1CC0DF07A1D5}"
EndProject

Project("{FAE04EC0-301F-11D3-BF4B-00C04F79EFBC}") = "YellowModule.Web", "Modules\Yellow\YellowModule.Web\YellowModule.Web.csproj", "{571AB77B-9A13-4315-9353-41F44F0892E4}"
EndProject
Project("{FAE04EC0-301F-11D3-BF4B-00C04F79EFBC}") = "YellowModule.Domain", "Modules\Yellow\YellowModule.Domain\YellowModule.Domain.csproj", "{6BE617A5-E523-4CCB-85E5-3B118AC23368}"
EndProject
Project("{FAE04EC0-301F-11D3-BF4B-00C04F79EFBC}") = "YellowModule.ApiService", "Modules\Yellow\YellowModule.ApiService\YellowModule.ApiService.csproj", "{999D7990-5BC8-43DA-AEB3-72A8AF37492F}"
EndProject
Project("{FAE04EC0-301F-11D3-BF4B-00C04F79EFBC}") = "YellowModule.ApiClient", "Modules\Yellow\YellowModule.ApiClient\YellowModule.ApiClient.csproj", "{F8030503-5D93-4ED3-9865-2D03D085CFAE}"
EndProject
Project("{2150E333-8FDC-42A3-9474-1A3956D46DE8}") = "Shell", "Shell", "{0EB80ED5-E157-45F8-96F2-986325273C85}"
EndProject
Project("{2150E333-8FDC-42A3-9474-1A3956D46DE8}") = "BFF", "BFF", "{894131C3-7845-4505-ACD7-04D9548F47AC}"
EndProject
Project("{FAE04EC0-301F-11D3-BF4B-00C04F79EFBC}") = "Web.Bff.Gateway", "Web.Bff.Gateway\Web.Bff.Gateway.csproj", "{398206A7-E681-4641-813B-78BDACEA9FF9}"
EndProject
Project("{2150E333-8FDC-42A3-9474-1A3956D46DE8}") = "SolutionFilters", "SolutionFilters", "{CA530C8D-75CE-4732-A576-D6AA81A27D5D}"
EndProject
Project("{FAE04EC0-301F-11D3-BF4B-00C04F79EFBC}") = "WasmShell", "WasmShell\WasmShell\WasmShell.csproj", "{1F9A2C27-D4B1-4FCE-9250-6A233513C32C}"
EndProject
Project("{FAE04EC0-301F-11D3-BF4B-00C04F79EFBC}") = "WasmShell.Client", "WasmShell\WasmShell.Client\WasmShell.Client.csproj", "{3993779D-5D04-4CB8-8847-0566161196E1}"
EndProject
Project("{FAE04EC0-301F-11D3-BF4B-00C04F79EFBC}") = "HtmxAppServer", "HtmxAppServer\HtmxAppServer.csproj", "{77C77C53-5EA7-4EAE-A1AD-033951C058CD}"
EndProject

Global
	GlobalSection(SolutionConfigurationPlatforms) = preSolution
		Debug|Any CPU = Debug|Any CPU
		Release|Any CPU = Release|Any CPU
	EndGlobalSection
	GlobalSection(ProjectConfigurationPlatforms) = postSolution
		{7A02A1AA-A943-4919-AE82-D09B916F657A}.Debug|Any CPU.ActiveCfg = Debug|Any CPU
		{7A02A1AA-A943-4919-AE82-D09B916F657A}.Debug|Any CPU.Build.0 = Debug|Any CPU
		{7A02A1AA-A943-4919-AE82-D09B916F657A}.Release|Any CPU.ActiveCfg = Release|Any CPU
		{7A02A1AA-A943-4919-AE82-D09B916F657A}.Release|Any CPU.Build.0 = Release|Any CPU
		{6ABE02BC-C1C3-4332-B116-D229CA83500E}.Debug|Any CPU.ActiveCfg = Debug|Any CPU
		{6ABE02BC-C1C3-4332-B116-D229CA83500E}.Debug|Any CPU.Build.0 = Debug|Any CPU
		{6ABE02BC-C1C3-4332-B116-D229CA83500E}.Release|Any CPU.ActiveCfg = Release|Any CPU
		{6ABE02BC-C1C3-4332-B116-D229CA83500E}.Release|Any CPU.Build.0 = Release|Any CPU
		{7054490F-02E8-4FC9-B8F3-A07126B1D384}.Debug|Any CPU.ActiveCfg = Debug|Any CPU
		{7054490F-02E8-4FC9-B8F3-A07126B1D384}.Debug|Any CPU.Build.0 = Debug|Any CPU
		{7054490F-02E8-4FC9-B8F3-A07126B1D384}.Release|Any CPU.ActiveCfg = Release|Any CPU
		{7054490F-02E8-4FC9-B8F3-A07126B1D384}.Release|Any CPU.Build.0 = Release|Any CPU
		{C10EF983-BF6B-4244-A2D6-55F3326981A0}.Debug|Any CPU.ActiveCfg = Debug|Any CPU
		{C10EF983-BF6B-4244-A2D6-55F3326981A0}.Debug|Any CPU.Build.0 = Debug|Any CPU
		{C10EF983-BF6B-4244-A2D6-55F3326981A0}.Release|Any CPU.ActiveCfg = Release|Any CPU
		{C10EF983-BF6B-4244-A2D6-55F3326981A0}.Release|Any CPU.Build.0 = Release|Any CPU
		{DB91239B-4E5B-4EE9-A999-AB7612434513}.Debug|Any CPU.ActiveCfg = Debug|Any CPU
		{DB91239B-4E5B-4EE9-A999-AB7612434513}.Debug|Any CPU.Build.0 = Debug|Any CPU
		{DB91239B-4E5B-4EE9-A999-AB7612434513}.Release|Any CPU.ActiveCfg = Release|Any CPU
		{DB91239B-4E5B-4EE9-A999-AB7612434513}.Release|Any CPU.Build.0 = Release|Any CPU
		{32DC6E09-3A4B-4E74-853E-A6509E79819A}.Debug|Any CPU.ActiveCfg = Debug|Any CPU
		{32DC6E09-3A4B-4E74-853E-A6509E79819A}.Debug|Any CPU.Build.0 = Debug|Any CPU
		{32DC6E09-3A4B-4E74-853E-A6509E79819A}.Release|Any CPU.ActiveCfg = Release|Any CPU
		{32DC6E09-3A4B-4E74-853E-A6509E79819A}.Release|Any CPU.Build.0 = Release|Any CPU
		{4548CB12-7A1B-4C3A-B2AC-7F09F5C2588D}.Debug|Any CPU.ActiveCfg = Debug|Any CPU
		{4548CB12-7A1B-4C3A-B2AC-7F09F5C2588D}.Debug|Any CPU.Build.0 = Debug|Any CPU
		{4548CB12-7A1B-4C3A-B2AC-7F09F5C2588D}.Release|Any CPU.ActiveCfg = Release|Any CPU
		{4548CB12-7A1B-4C3A-B2AC-7F09F5C2588D}.Release|Any CPU.Build.0 = Release|Any CPU
		{571AB77B-9A13-4315-9353-41F44F0892E4}.Debug|Any CPU.ActiveCfg = Debug|Any CPU
		{571AB77B-9A13-4315-9353-41F44F0892E4}.Debug|Any CPU.Build.0 = Debug|Any CPU
		{571AB77B-9A13-4315-9353-41F44F0892E4}.Release|Any CPU.ActiveCfg = Release|Any CPU
		{571AB77B-9A13-4315-9353-41F44F0892E4}.Release|Any CPU.Build.0 = Release|Any CPU
		{E8137BE9-2683-4B8F-A46B-49B31F2F573A}.Debug|Any CPU.ActiveCfg = Debug|Any CPU
		{E8137BE9-2683-4B8F-A46B-49B31F2F573A}.Debug|Any CPU.Build.0 = Debug|Any CPU
		{E8137BE9-2683-4B8F-A46B-49B31F2F573A}.Release|Any CPU.ActiveCfg = Release|Any CPU
		{E8137BE9-2683-4B8F-A46B-49B31F2F573A}.Release|Any CPU.Build.0 = Release|Any CPU
		{ACE5D7AE-677D-495C-9D4D-36BB8AB71E91}.Debug|Any CPU.ActiveCfg = Debug|Any CPU
		{ACE5D7AE-677D-495C-9D4D-36BB8AB71E91}.Debug|Any CPU.Build.0 = Debug|Any CPU
		{ACE5D7AE-677D-495C-9D4D-36BB8AB71E91}.Release|Any CPU.ActiveCfg = Release|Any CPU
		{ACE5D7AE-677D-495C-9D4D-36BB8AB71E91}.Release|Any CPU.Build.0 = Release|Any CPU
		{999D7990-5BC8-43DA-AEB3-72A8AF37492F}.Debug|Any CPU.ActiveCfg = Debug|Any CPU
		{999D7990-5BC8-43DA-AEB3-72A8AF37492F}.Debug|Any CPU.Build.0 = Debug|Any CPU
		{999D7990-5BC8-43DA-AEB3-72A8AF37492F}.Release|Any CPU.ActiveCfg = Release|Any CPU
		{999D7990-5BC8-43DA-AEB3-72A8AF37492F}.Release|Any CPU.Build.0 = Release|Any CPU
		{025EDD3F-D009-4B37-BF53-96DD78FCE283}.Debug|Any CPU.ActiveCfg = Debug|Any CPU
		{025EDD3F-D009-4B37-BF53-96DD78FCE283}.Debug|Any CPU.Build.0 = Debug|Any CPU
		{025EDD3F-D009-4B37-BF53-96DD78FCE283}.Release|Any CPU.ActiveCfg = Release|Any CPU
		{025EDD3F-D009-4B37-BF53-96DD78FCE283}.Release|Any CPU.Build.0 = Release|Any CPU
		{2B8827BE-8090-47FE-AD2D-B8774840ECB7}.Debug|Any CPU.ActiveCfg = Debug|Any CPU
		{2B8827BE-8090-47FE-AD2D-B8774840ECB7}.Debug|Any CPU.Build.0 = Debug|Any CPU
		{2B8827BE-8090-47FE-AD2D-B8774840ECB7}.Release|Any CPU.ActiveCfg = Release|Any CPU
		{2B8827BE-8090-47FE-AD2D-B8774840ECB7}.Release|Any CPU.Build.0 = Release|Any CPU
		{7C2C2FAD-DF82-47C6-A5E1-6D4188B2C104}.Debug|Any CPU.ActiveCfg = Debug|Any CPU
		{7C2C2FAD-DF82-47C6-A5E1-6D4188B2C104}.Debug|Any CPU.Build.0 = Debug|Any CPU
		{7C2C2FAD-DF82-47C6-A5E1-6D4188B2C104}.Release|Any CPU.ActiveCfg = Release|Any CPU
		{7C2C2FAD-DF82-47C6-A5E1-6D4188B2C104}.Release|Any CPU.Build.0 = Release|Any CPU
		{01C7822F-D068-4C5A-88D1-B5AAD8B10AAD}.Debug|Any CPU.ActiveCfg = Debug|Any CPU
		{01C7822F-D068-4C5A-88D1-B5AAD8B10AAD}.Debug|Any CPU.Build.0 = Debug|Any CPU
		{01C7822F-D068-4C5A-88D1-B5AAD8B10AAD}.Release|Any CPU.ActiveCfg = Release|Any CPU
		{01C7822F-D068-4C5A-88D1-B5AAD8B10AAD}.Release|Any CPU.Build.0 = Release|Any CPU
		{69BC4013-F32D-4FE7-A986-1CC0DF07A1D5}.Debug|Any CPU.ActiveCfg = Debug|Any CPU
		{69BC4013-F32D-4FE7-A986-1CC0DF07A1D5}.Debug|Any CPU.Build.0 = Debug|Any CPU
		{69BC4013-F32D-4FE7-A986-1CC0DF07A1D5}.Release|Any CPU.ActiveCfg = Release|Any CPU
		{69BC4013-F32D-4FE7-A986-1CC0DF07A1D5}.Release|Any CPU.Build.0 = Release|Any CPU
		{0B499C64-8994-4610-BF82-363E71237898}.Debug|Any CPU.ActiveCfg = Debug|Any CPU
		{0B499C64-8994-4610-BF82-363E71237898}.Debug|Any CPU.Build.0 = Debug|Any CPU
		{0B499C64-8994-4610-BF82-363E71237898}.Release|Any CPU.ActiveCfg = Release|Any CPU
		{0B499C64-8994-4610-BF82-363E71237898}.Release|Any CPU.Build.0 = Release|Any CPU
		{F8030503-5D93-4ED3-9865-2D03D085CFAE}.Debug|Any CPU.ActiveCfg = Debug|Any CPU
		{F8030503-5D93-4ED3-9865-2D03D085CFAE}.Debug|Any CPU.Build.0 = Debug|Any CPU
		{F8030503-5D93-4ED3-9865-2D03D085CFAE}.Release|Any CPU.ActiveCfg = Release|Any CPU
		{F8030503-5D93-4ED3-9865-2D03D085CFAE}.Release|Any CPU.Build.0 = Release|Any CPU
		{6BE617A5-E523-4CCB-85E5-3B118AC23368}.Debug|Any CPU.ActiveCfg = Debug|Any CPU
		{6BE617A5-E523-4CCB-85E5-3B118AC23368}.Debug|Any CPU.Build.0 = Debug|Any CPU
		{6BE617A5-E523-4CCB-85E5-3B118AC23368}.Release|Any CPU.ActiveCfg = Release|Any CPU
		{6BE617A5-E523-4CCB-85E5-3B118AC23368}.Release|Any CPU.Build.0 = Release|Any CPU
		{398206A7-E681-4641-813B-78BDACEA9FF9}.Debug|Any CPU.ActiveCfg = Debug|Any CPU
		{398206A7-E681-4641-813B-78BDACEA9FF9}.Debug|Any CPU.Build.0 = Debug|Any CPU
		{398206A7-E681-4641-813B-78BDACEA9FF9}.Release|Any CPU.ActiveCfg = Release|Any CPU
		{398206A7-E681-4641-813B-78BDACEA9FF9}.Release|Any CPU.Build.0 = Release|Any CPU
		{1F9A2C27-D4B1-4FCE-9250-6A233513C32C}.Debug|Any CPU.ActiveCfg = Debug|Any CPU
		{1F9A2C27-D4B1-4FCE-9250-6A233513C32C}.Debug|Any CPU.Build.0 = Debug|Any CPU
		{1F9A2C27-D4B1-4FCE-9250-6A233513C32C}.Release|Any CPU.ActiveCfg = Release|Any CPU
		{1F9A2C27-D4B1-4FCE-9250-6A233513C32C}.Release|Any CPU.Build.0 = Release|Any CPU
		{3993779D-5D04-4CB8-8847-0566161196E1}.Debug|Any CPU.ActiveCfg = Debug|Any CPU
		{3993779D-5D04-4CB8-8847-0566161196E1}.Debug|Any CPU.Build.0 = Debug|Any CPU
		{3993779D-5D04-4CB8-8847-0566161196E1}.Release|Any CPU.ActiveCfg = Release|Any CPU
		{3993779D-5D04-4CB8-8847-0566161196E1}.Release|Any CPU.Build.0 = Release|Any CPU
		{77C77C53-5EA7-4EAE-A1AD-033951C058CD}.Debug|Any CPU.ActiveCfg = Debug|Any CPU
		{77C77C53-5EA7-4EAE-A1AD-033951C058CD}.Debug|Any CPU.Build.0 = Debug|Any CPU
		{77C77C53-5EA7-4EAE-A1AD-033951C058CD}.Release|Any CPU.ActiveCfg = Release|Any CPU
		{77C77C53-5EA7-4EAE-A1AD-033951C058CD}.Release|Any CPU.Build.0 = Release|Any CPU
	EndGlobalSection
	GlobalSection(NestedProjects) = preSolution
		{C1D0868F-8B93-4604-8267-76435411D4F9} = {778BB531-ED39-4242-BCAD-4B021B0B3C91}
		{80143954-BA5F-4C30-9BA2-4AB084443CEA} = {778BB531-ED39-4242-BCAD-4B021B0B3C91}
		{4A0675D7-D289-4E85-AD9F-D49C519B2A05} = {778BB531-ED39-4242-BCAD-4B021B0B3C91}
		{B72BEED3-B51D-4DE2-AC40-66AB96FDA03B} = {778BB531-ED39-4242-BCAD-4B021B0B3C91}
		{DB91239B-4E5B-4EE9-A999-AB7612434513} = {C1D0868F-8B93-4604-8267-76435411D4F9}
		{32DC6E09-3A4B-4E74-853E-A6509E79819A} = {4A0675D7-D289-4E85-AD9F-D49C519B2A05}
		{4548CB12-7A1B-4C3A-B2AC-7F09F5C2588D} = {B72BEED3-B51D-4DE2-AC40-66AB96FDA03B}
		{571AB77B-9A13-4315-9353-41F44F0892E4} = {80143954-BA5F-4C30-9BA2-4AB084443CEA}
		{7A02A1AA-A943-4919-AE82-D09B916F657A} = {F18A45B2-12A0-4874-BBDB-A75530837490}
		{6ABE02BC-C1C3-4332-B116-D229CA83500E} = {F18A45B2-12A0-4874-BBDB-A75530837490}
		{7054490F-02E8-4FC9-B8F3-A07126B1D384} = {C1D0868F-8B93-4604-8267-76435411D4F9}
		{E8137BE9-2683-4B8F-A46B-49B31F2F573A} = {4A0675D7-D289-4E85-AD9F-D49C519B2A05}
		{ACE5D7AE-677D-495C-9D4D-36BB8AB71E91} = {B72BEED3-B51D-4DE2-AC40-66AB96FDA03B}
		{999D7990-5BC8-43DA-AEB3-72A8AF37492F} = {80143954-BA5F-4C30-9BA2-4AB084443CEA}
		{025EDD3F-D009-4B37-BF53-96DD78FCE283} = {C1D0868F-8B93-4604-8267-76435411D4F9}
		{2B8827BE-8090-47FE-AD2D-B8774840ECB7} = {C1D0868F-8B93-4604-8267-76435411D4F9}
		{7C2C2FAD-DF82-47C6-A5E1-6D4188B2C104} = {4A0675D7-D289-4E85-AD9F-D49C519B2A05}
		{01C7822F-D068-4C5A-88D1-B5AAD8B10AAD} = {4A0675D7-D289-4E85-AD9F-D49C519B2A05}
		{69BC4013-F32D-4FE7-A986-1CC0DF07A1D5} = {B72BEED3-B51D-4DE2-AC40-66AB96FDA03B}
		{0B499C64-8994-4610-BF82-363E71237898} = {B72BEED3-B51D-4DE2-AC40-66AB96FDA03B}
		{F8030503-5D93-4ED3-9865-2D03D085CFAE} = {80143954-BA5F-4C30-9BA2-4AB084443CEA}
		{6BE617A5-E523-4CCB-85E5-3B118AC23368} = {80143954-BA5F-4C30-9BA2-4AB084443CEA}
		{C10EF983-BF6B-4244-A2D6-55F3326981A0} = {0EB80ED5-E157-45F8-96F2-986325273C85}
		{398206A7-E681-4641-813B-78BDACEA9FF9} = {894131C3-7845-4505-ACD7-04D9548F47AC}
		{1F9A2C27-D4B1-4FCE-9250-6A233513C32C} = {0EB80ED5-E157-45F8-96F2-986325273C85}
		{3993779D-5D04-4CB8-8847-0566161196E1} = {0EB80ED5-E157-45F8-96F2-986325273C85}
		{77C77C53-5EA7-4EAE-A1AD-033951C058CD} = {0EB80ED5-E157-45F8-96F2-986325273C85}
	EndGlobalSection
EndGlobal
