Microsoft Visual Studio Solution File, Format Version 12.00
# Visual Studio Version 17
VisualStudioVersion = 17.8.0.0
MinimumVisualStudioVersion = 17.8.0.0
Project("{9A19103F-16F7-4668-BE54-9A1E7A4F7556}") = "AspireContainer.Demo.AppHost", "AspireContainer.Demo.AppHost\AspireContainer.Demo.AppHost.csproj", "{CEC838F1-149B-4A25-AFBA-9E27032CC09F}"
EndProject
Project("{9A19103F-16F7-4668-BE54-9A1E7A4F7556}") = "AspireContainer.Demo.ServiceDefaults", "AspireContainer.Demo.ServiceDefaults\AspireContainer.Demo.ServiceDefaults.csproj", "{78DFCE41-5CB4-4CBF-9F33-184985757FB9}"
EndProject
Global
	GlobalSection(SolutionConfigurationPlatforms) = preSolution
		Debug|Any CPU = Debug|Any CPU
		Release|Any CPU = Release|Any CPU
	EndGlobalSection
	GlobalSection(ProjectConfigurationPlatforms) = postSolution
		{CEC838F1-149B-4A25-AFBA-9E27032CC09F}.Debug|Any CPU.ActiveCfg = Debug|Any CPU
		{CEC838F1-149B-4A25-AFBA-9E27032CC09F}.Debug|Any CPU.Build.0 = Debug|Any CPU
		{CEC838F1-149B-4A25-AFBA-9E27032CC09F}.Release|Any CPU.ActiveCfg = Release|Any CPU
		{CEC838F1-149B-4A25-AFBA-9E27032CC09F}.Release|Any CPU.Build.0 = Release|Any CPU
		{78DFCE41-5CB4-4CBF-9F33-184985757FB9}.Debug|Any CPU.ActiveCfg = Debug|Any CPU
		{78DFCE41-5CB4-4CBF-9F33-184985757FB9}.Debug|Any CPU.Build.0 = Debug|Any CPU
		{78DFCE41-5CB4-4CBF-9F33-184985757FB9}.Release|Any CPU.ActiveCfg = Release|Any CPU
		{78DFCE41-5CB4-4CBF-9F33-184985757FB9}.Release|Any CPU.Build.0 = Release|Any CPU
	EndGlobalSection
	GlobalSection(SolutionProperties) = preSolution
		HideSolutionNode = FALSE
	EndGlobalSection
	GlobalSection(ExtensibilityGlobals) = postSolution
		SolutionGuid = {1AD04F34-2A69-494F-B597-D92CF1A65345}
	EndGlobalSection
EndGlobal